
Microsoft Visual Studio Solution File, Format Version 12.00
# Visual Studio Version 17
VisualStudioVersion = 17.14.36603.0 d17.14
MinimumVisualStudioVersion = 10.0.40219.1
Project("{FAE04EC0-301F-11D3-BF4B-00C04F79EFBC}") = "WhatsappIntegration.Api", "WhatsappIntegration.Api\WhatsappIntegration.Api.csproj", "{91EDBB05-282A-4973-BE62-F9DB0849BDC8}"
EndProject
Global
	GlobalSection(SolutionConfigurationPlatforms) = preSolution
		Debug|Any CPU = Debug|Any CPU
		Release|Any CPU = Release|Any CPU
	EndGlobalSection
	GlobalSection(ProjectConfigurationPlatforms) = postSolution
		{91EDBB05-282A-4973-BE62-F9DB0849BDC8}.Debug|Any CPU.ActiveCfg = Debug|Any CPU
		{91EDBB05-282A-4973-BE62-F9DB0849BDC8}.Debug|Any CPU.Build.0 = Debug|Any CPU
		{91EDBB05-282A-4973-BE62-F9DB0849BDC8}.Release|Any CPU.ActiveCfg = Release|Any CPU
		{91EDBB05-282A-4973-BE62-F9DB0849BDC8}.Release|Any CPU.Build.0 = Release|Any CPU
	EndGlobalSection
	GlobalSection(SolutionProperties) = preSolution
		HideSolutionNode = FALSE
	EndGlobalSection
	GlobalSection(ExtensibilityGlobals) = postSolution
		SolutionGuid = {8AAF0986-0C7B-4F02-83C9-67DEC8D4DEBD}
	EndGlobalSection
EndGlobal
